
Microsoft Visual Studio Solution File, Format Version 12.00
# Visual Studio Version 16
VisualStudioVersion = 25.0.1705.4
MinimumVisualStudioVersion = 10.0.40219.1
Project("{FAE04EC0-301F-11D3-BF4B-00C04F79EFBC}") = "Sum", "Sum\Sum.csproj", "{C00E4D9D-6B46-4BF1-B90D-A49B82FDC37E}"
EndProject
Global
	GlobalSection(SolutionConfigurationPlatforms) = preSolution
		Debug|Any CPU = Debug|Any CPU
		Release|Any CPU = Release|Any CPU
	EndGlobalSection
	GlobalSection(ProjectConfigurationPlatforms) = postSolution
		{C00E4D9D-6B46-4BF1-B90D-A49B82FDC37E}.Debug|Any CPU.ActiveCfg = Debug|Any CPU
		{C00E4D9D-6B46-4BF1-B90D-A49B82FDC37E}.Debug|Any CPU.Build.0 = Debug|Any CPU
		{C00E4D9D-6B46-4BF1-B90D-A49B82FDC37E}.Release|Any CPU.ActiveCfg = Release|Any CPU
		{C00E4D9D-6B46-4BF1-B90D-A49B82FDC37E}.Release|Any CPU.Build.0 = Release|Any CPU
	EndGlobalSection
	GlobalSection(SolutionProperties) = preSolution
		HideSolutionNode = FALSE
	EndGlobalSection
	GlobalSection(ExtensibilityGlobals) = postSolution
		SolutionGuid = {468C477B-6718-4C4A-A1B3-882FD1031554}
	EndGlobalSection
EndGlobal
