
Microsoft Visual Studio Solution File, Format Version 12.00
# Visual Studio Version 16
VisualStudioVersion = 25.0.1705.4
MinimumVisualStudioVersion = 10.0.40219.1
Project("{FAE04EC0-301F-11D3-BF4B-00C04F79EFBC}") = "String", "String\String.csproj", "{5368EFB9-305E-4C9A-86AA-F6F1F366CE7B}"
EndProject
Global
	GlobalSection(SolutionConfigurationPlatforms) = preSolution
		Debug|Any CPU = Debug|Any CPU
		Release|Any CPU = Release|Any CPU
	EndGlobalSection
	GlobalSection(ProjectConfigurationPlatforms) = postSolution
		{5368EFB9-305E-4C9A-86AA-F6F1F366CE7B}.Debug|Any CPU.ActiveCfg = Debug|Any CPU
		{5368EFB9-305E-4C9A-86AA-F6F1F366CE7B}.Debug|Any CPU.Build.0 = Debug|Any CPU
		{5368EFB9-305E-4C9A-86AA-F6F1F366CE7B}.Release|Any CPU.ActiveCfg = Release|Any CPU
		{5368EFB9-305E-4C9A-86AA-F6F1F366CE7B}.Release|Any CPU.Build.0 = Release|Any CPU
	EndGlobalSection
	GlobalSection(SolutionProperties) = preSolution
		HideSolutionNode = FALSE
	EndGlobalSection
	GlobalSection(ExtensibilityGlobals) = postSolution
		SolutionGuid = {095260CB-6715-405B-8349-B6137829BAAF}
	EndGlobalSection
EndGlobal
