
Microsoft Visual Studio Solution File, Format Version 12.00
# Visual Studio Version 16
VisualStudioVersion = 25.0.1705.4
MinimumVisualStudioVersion = 10.0.40219.1
Project("{FAE04EC0-301F-11D3-BF4B-00C04F79EFBC}") = "IntegralTypes", "IntegralTypes\IntegralTypes.csproj", "{17750178-2FD5-42C1-B345-64BE99D65444}"
EndProject
Global
	GlobalSection(SolutionConfigurationPlatforms) = preSolution
		Debug|Any CPU = Debug|Any CPU
		Release|Any CPU = Release|Any CPU
	EndGlobalSection
	GlobalSection(ProjectConfigurationPlatforms) = postSolution
		{17750178-2FD5-42C1-B345-64BE99D65444}.Debug|Any CPU.ActiveCfg = Debug|Any CPU
		{17750178-2FD5-42C1-B345-64BE99D65444}.Debug|Any CPU.Build.0 = Debug|Any CPU
		{17750178-2FD5-42C1-B345-64BE99D65444}.Release|Any CPU.ActiveCfg = Release|Any CPU
		{17750178-2FD5-42C1-B345-64BE99D65444}.Release|Any CPU.Build.0 = Release|Any CPU
	EndGlobalSection
	GlobalSection(SolutionProperties) = preSolution
		HideSolutionNode = FALSE
	EndGlobalSection
	GlobalSection(ExtensibilityGlobals) = postSolution
		SolutionGuid = {60AAFAC4-8937-46A1-95D5-E9E31AACDFD4}
	EndGlobalSection
EndGlobal
