
Microsoft Visual Studio Solution File, Format Version 12.00
# Visual Studio Version 17
VisualStudioVersion = 17.6.33723.286
MinimumVisualStudioVersion = 10.0.40219.1
Project("{FAE04EC0-301F-11D3-BF4B-00C04F79EFBC}") = "PasswordRules", "PasswordRules.csproj", "{4BEB63D5-3403-4367-84EF-D06E5EB1128A}"
EndProject
Global
	GlobalSection(SolutionConfigurationPlatforms) = preSolution
		Debug|Any CPU = Debug|Any CPU
		Release|Any CPU = Release|Any CPU
	EndGlobalSection
	GlobalSection(ProjectConfigurationPlatforms) = postSolution
		{4BEB63D5-3403-4367-84EF-D06E5EB1128A}.Debug|Any CPU.ActiveCfg = Debug|Any CPU
		{4BEB63D5-3403-4367-84EF-D06E5EB1128A}.Debug|Any CPU.Build.0 = Debug|Any CPU
		{4BEB63D5-3403-4367-84EF-D06E5EB1128A}.Release|Any CPU.ActiveCfg = Release|Any CPU
		{4BEB63D5-3403-4367-84EF-D06E5EB1128A}.Release|Any CPU.Build.0 = Release|Any CPU
	EndGlobalSection
	GlobalSection(SolutionProperties) = preSolution
		HideSolutionNode = FALSE
	EndGlobalSection
	GlobalSection(ExtensibilityGlobals) = postSolution
		SolutionGuid = {69193CE3-D4EB-41B4-B748-E68C4DCD1748}
	EndGlobalSection
EndGlobal
