
Microsoft Visual Studio Solution File, Format Version 12.00
# Visual Studio Version 17
VisualStudioVersion = 17.5.33627.172
MinimumVisualStudioVersion = 10.0.40219.1
Project("{FAE04EC0-301F-11D3-BF4B-00C04F79EFBC}") = "StringModify", "StringModify.csproj", "{EC270E54-FB53-45EF-8270-043ECCF33848}"
EndProject
Global
	GlobalSection(SolutionConfigurationPlatforms) = preSolution
		Debug|Any CPU = Debug|Any CPU
		Release|Any CPU = Release|Any CPU
	EndGlobalSection
	GlobalSection(ProjectConfigurationPlatforms) = postSolution
		{EC270E54-FB53-45EF-8270-043ECCF33848}.Debug|Any CPU.ActiveCfg = Debug|Any CPU
		{EC270E54-FB53-45EF-8270-043ECCF33848}.Debug|Any CPU.Build.0 = Debug|Any CPU
		{EC270E54-FB53-45EF-8270-043ECCF33848}.Release|Any CPU.ActiveCfg = Release|Any CPU
		{EC270E54-FB53-45EF-8270-043ECCF33848}.Release|Any CPU.Build.0 = Release|Any CPU
	EndGlobalSection
	GlobalSection(SolutionProperties) = preSolution
		HideSolutionNode = FALSE
	EndGlobalSection
	GlobalSection(ExtensibilityGlobals) = postSolution
		SolutionGuid = {08FE10FA-77BC-4E03-83B4-5F5FDCA307E0}
	EndGlobalSection
EndGlobal
