
Microsoft Visual Studio Solution File, Format Version 12.00
# Visual Studio Version 16
VisualStudioVersion = 25.0.1705.4
MinimumVisualStudioVersion = 10.0.40219.1
Project("{FAE04EC0-301F-11D3-BF4B-00C04F79EFBC}") = "Enum3", "Enum3\Enum3.csproj", "{71F37333-47B2-4593-80C2-D5352B01B07E}"
EndProject
Global
	GlobalSection(SolutionConfigurationPlatforms) = preSolution
		Debug|Any CPU = Debug|Any CPU
		Release|Any CPU = Release|Any CPU
	EndGlobalSection
	GlobalSection(ProjectConfigurationPlatforms) = postSolution
		{71F37333-47B2-4593-80C2-D5352B01B07E}.Debug|Any CPU.ActiveCfg = Debug|Any CPU
		{71F37333-47B2-4593-80C2-D5352B01B07E}.Debug|Any CPU.Build.0 = Debug|Any CPU
		{71F37333-47B2-4593-80C2-D5352B01B07E}.Release|Any CPU.ActiveCfg = Release|Any CPU
		{71F37333-47B2-4593-80C2-D5352B01B07E}.Release|Any CPU.Build.0 = Release|Any CPU
	EndGlobalSection
	GlobalSection(SolutionProperties) = preSolution
		HideSolutionNode = FALSE
	EndGlobalSection
	GlobalSection(ExtensibilityGlobals) = postSolution
		SolutionGuid = {3799023E-C6FE-4D9B-A686-219BA453AD38}
	EndGlobalSection
EndGlobal
