
Microsoft Visual Studio Solution File, Format Version 12.00
# Visual Studio Version 16
VisualStudioVersion = 25.0.1705.4
MinimumVisualStudioVersion = 10.0.40219.1
Project("{FAE04EC0-301F-11D3-BF4B-00C04F79EFBC}") = "BoxingUnboxing", "BoxingUnboxing\BoxingUnboxing.csproj", "{16FE5432-2E8C-42DF-8805-B4B7F123BBA9}"
EndProject
Global
	GlobalSection(SolutionConfigurationPlatforms) = preSolution
		Debug|Any CPU = Debug|Any CPU
		Release|Any CPU = Release|Any CPU
	EndGlobalSection
	GlobalSection(ProjectConfigurationPlatforms) = postSolution
		{16FE5432-2E8C-42DF-8805-B4B7F123BBA9}.Debug|Any CPU.ActiveCfg = Debug|Any CPU
		{16FE5432-2E8C-42DF-8805-B4B7F123BBA9}.Debug|Any CPU.Build.0 = Debug|Any CPU
		{16FE5432-2E8C-42DF-8805-B4B7F123BBA9}.Release|Any CPU.ActiveCfg = Release|Any CPU
		{16FE5432-2E8C-42DF-8805-B4B7F123BBA9}.Release|Any CPU.Build.0 = Release|Any CPU
	EndGlobalSection
	GlobalSection(SolutionProperties) = preSolution
		HideSolutionNode = FALSE
	EndGlobalSection
	GlobalSection(ExtensibilityGlobals) = postSolution
		SolutionGuid = {21D4E802-F438-449B-A96E-024D56E61FBA}
	EndGlobalSection
EndGlobal
