
Microsoft Visual Studio Solution File, Format Version 12.00
# Visual Studio Version 16
VisualStudioVersion = 25.0.1705.4
MinimumVisualStudioVersion = 10.0.40219.1
Project("{FAE04EC0-301F-11D3-BF4B-00C04F79EFBC}") = "Char", "Char\Char.csproj", "{3F8999E1-3DC5-4A24-A1F6-E7F20E1BB080}"
EndProject
Global
	GlobalSection(SolutionConfigurationPlatforms) = preSolution
		Debug|Any CPU = Debug|Any CPU
		Release|Any CPU = Release|Any CPU
	EndGlobalSection
	GlobalSection(ProjectConfigurationPlatforms) = postSolution
		{3F8999E1-3DC5-4A24-A1F6-E7F20E1BB080}.Debug|Any CPU.ActiveCfg = Debug|Any CPU
		{3F8999E1-3DC5-4A24-A1F6-E7F20E1BB080}.Debug|Any CPU.Build.0 = Debug|Any CPU
		{3F8999E1-3DC5-4A24-A1F6-E7F20E1BB080}.Release|Any CPU.ActiveCfg = Release|Any CPU
		{3F8999E1-3DC5-4A24-A1F6-E7F20E1BB080}.Release|Any CPU.Build.0 = Release|Any CPU
	EndGlobalSection
	GlobalSection(SolutionProperties) = preSolution
		HideSolutionNode = FALSE
	EndGlobalSection
	GlobalSection(ExtensibilityGlobals) = postSolution
		SolutionGuid = {3BF4EDD9-3732-4D92-9C9F-2E8FB48D736B}
	EndGlobalSection
EndGlobal
